
Microsoft Visual Studio Solution File, Format Version 12.00
# Visual Studio Version 17
VisualStudioVersion = 17.8.34330.188
MinimumVisualStudioVersion = 10.0.40219.1
Project("{9A19103F-16F7-4668-BE54-9A1E7A4F7556}") = "PatienceOS.Kernel", "PatienceOS.Kernel\PatienceOS.Kernel.csproj", "{4C3C19E1-0DD4-4103-8EBB-344EF5B161AC}"
EndProject
Global
	GlobalSection(SolutionConfigurationPlatforms) = preSolution
		Debug|Any CPU = Debug|Any CPU
		Release|Any CPU = Release|Any CPU
	EndGlobalSection
	GlobalSection(ProjectConfigurationPlatforms) = postSolution
		{4C3C19E1-0DD4-4103-8EBB-344EF5B161AC}.Debug|Any CPU.ActiveCfg = Debug|Any CPU
		{4C3C19E1-0DD4-4103-8EBB-344EF5B161AC}.Debug|Any CPU.Build.0 = Debug|Any CPU
		{4C3C19E1-0DD4-4103-8EBB-344EF5B161AC}.Release|Any CPU.ActiveCfg = Release|Any CPU
		{4C3C19E1-0DD4-4103-8EBB-344EF5B161AC}.Release|Any CPU.Build.0 = Release|Any CPU
	EndGlobalSection
	GlobalSection(SolutionProperties) = preSolution
		HideSolutionNode = FALSE
	EndGlobalSection
	GlobalSection(ExtensibilityGlobals) = postSolution
		SolutionGuid = {63FAD5A7-A970-4B29-9844-F8840BE52470}
	EndGlobalSection
EndGlobal
