
Microsoft Visual Studio Solution File, Format Version 12.00
# Visual Studio Version 17
VisualStudioVersion = 17.9.34607.119
MinimumVisualStudioVersion = 10.0.40219.1
Project("{9A19103F-16F7-4668-BE54-9A1E7A4F7556}") = "PatienceOS.Kernel.NoStdLib", "PatienceOS.Kernel\PatienceOS.Kernel.NoStdLib.csproj", "{426687F0-A1F8-4B63-844C-225B24DE9BB5}"
EndProject
Global
	GlobalSection(SolutionConfigurationPlatforms) = preSolution
		Debug|Any CPU = Debug|Any CPU
		Release|Any CPU = Release|Any CPU
	EndGlobalSection
	GlobalSection(ProjectConfigurationPlatforms) = postSolution
		{426687F0-A1F8-4B63-844C-225B24DE9BB5}.Debug|Any CPU.ActiveCfg = Debug|Any CPU
		{426687F0-A1F8-4B63-844C-225B24DE9BB5}.Debug|Any CPU.Build.0 = Debug|Any CPU
		{426687F0-A1F8-4B63-844C-225B24DE9BB5}.Release|Any CPU.ActiveCfg = Release|Any CPU
		{426687F0-A1F8-4B63-844C-225B24DE9BB5}.Release|Any CPU.Build.0 = Release|Any CPU
	EndGlobalSection
	GlobalSection(SolutionProperties) = preSolution
		HideSolutionNode = FALSE
	EndGlobalSection
	GlobalSection(ExtensibilityGlobals) = postSolution
		SolutionGuid = {3563DC7E-A6FA-4D7A-8799-A1012A742792}
	EndGlobalSection
EndGlobal
